{
  "name": "love-typescript-definitions",
  "version": "0.5.2-beta.0",
  "lockfileVersion": 1,
  "requires": true,
  "dependencies": {
    "types-lua": {
      "version": "github:ark120202/types-lua#8495765a84420473493d51d6c5792d9a6a2eaf54",
      "from": "github:ark120202/types-lua"
    },
    "typescript": {
      "version": "3.3.3333",
      "resolved": "https://registry.npmjs.org/typescript/-/typescript-3.3.3333.tgz",
      "integrity": "sha512-JjSKsAfuHBE/fB2oZ8NxtRTk5iGcg6hkYXMnZ3Wc+b2RSqejEqTaem11mHASMnFilHrax3sLK0GDzcJrekZYLw==",
      "dev": true
    },
    "typescript-to-lua": {
      "version": "0.15.2",
      "resolved": "https://registry.npmjs.org/typescript-to-lua/-/typescript-to-lua-0.15.2.tgz",
      "integrity": "sha512-b8SIau6WXwDOIfydf4QTlOu23MTgs3RH7EVzqTj9cpMkrXW4q0N6WTvXYZ9Lv2uXELfRES5MVATlFL+5gQnrbw==",
      "dev": true,
      "requires": {
        "typescript": "^3.3.1"
      }
    }
  }
}
